
Microsoft Visual Studio Solution File, Format Version 12.00
# Visual Studio Version 17
VisualStudioVersion = 17.10.34916.146
MinimumVisualStudioVersion = 10.0.40219.1
Project("{FAE04EC0-301F-11D3-BF4B-00C04F79EFBC}") = "Keycloak.NET.Client", "Keycloak.NET.Client\Keycloak.NET.Client.csproj", "{8BC4D58A-816A-4D9D-AD04-9383CD7804C9}"
EndProject
Global
	GlobalSection(SolutionConfigurationPlatforms) = preSolution
		Debug|Any CPU = Debug|Any CPU
		Release|Any CPU = Release|Any CPU
	EndGlobalSection
	GlobalSection(ProjectConfigurationPlatforms) = postSolution
		{8BC4D58A-816A-4D9D-AD04-9383CD7804C9}.Debug|Any CPU.ActiveCfg = Debug|Any CPU
		{8BC4D58A-816A-4D9D-AD04-9383CD7804C9}.Debug|Any CPU.Build.0 = Debug|Any CPU
		{8BC4D58A-816A-4D9D-AD04-9383CD7804C9}.Release|Any CPU.ActiveCfg = Release|Any CPU
		{8BC4D58A-816A-4D9D-AD04-9383CD7804C9}.Release|Any CPU.Build.0 = Release|Any CPU
	EndGlobalSection
	GlobalSection(SolutionProperties) = preSolution
		HideSolutionNode = FALSE
	EndGlobalSection
	GlobalSection(ExtensibilityGlobals) = postSolution
		SolutionGuid = {35545587-C3CB-4E09-AC22-2139FEBA698F}
	EndGlobalSection
EndGlobal
